
Microsoft Visual Studio Solution File, Format Version 12.00
# Visual Studio Version 17
VisualStudioVersion = 17.1.32210.238
MinimumVisualStudioVersion = 10.0.40219.1
Project("{FAE04EC0-301F-11D3-BF4B-00C04F79EFBC}") = "API", "API\API.csproj", "{0EA2660C-DC9C-4B1D-95EA-01597A15B2EC}"
EndProject
Global
	GlobalSection(SolutionConfigurationPlatforms) = preSolution
		Debug|Any CPU = Debug|Any CPU
		Release|Any CPU = Release|Any CPU
	EndGlobalSection
	GlobalSection(ProjectConfigurationPlatforms) = postSolution
		{0EA2660C-DC9C-4B1D-95EA-01597A15B2EC}.Debug|Any CPU.ActiveCfg = Debug|Any CPU
		{0EA2660C-DC9C-4B1D-95EA-01597A15B2EC}.Debug|Any CPU.Build.0 = Debug|Any CPU
		{0EA2660C-DC9C-4B1D-95EA-01597A15B2EC}.Release|Any CPU.ActiveCfg = Release|Any CPU
		{0EA2660C-DC9C-4B1D-95EA-01597A15B2EC}.Release|Any CPU.Build.0 = Release|Any CPU
	EndGlobalSection
	GlobalSection(SolutionProperties) = preSolution
		HideSolutionNode = FALSE
	EndGlobalSection
	GlobalSection(ExtensibilityGlobals) = postSolution
		SolutionGuid = {0C81A8DA-67D8-4934-BB46-213EF1225CFA}
	EndGlobalSection
EndGlobal
